
Microsoft Visual Studio Solution File, Format Version 12.00
# Visual Studio Version 16
VisualStudioVersion = 16.0.31624.102
MinimumVisualStudioVersion = 10.0.40219.1
Project("{9A19103F-16F7-4668-BE54-9A1E7A4F7556}") = "DiffingApi", "DiffingApi.csproj", "{A3CB3A8B-449E-4C52-B49C-C97480C77BC0}"
EndProject
Project("{FAE04EC0-301F-11D3-BF4B-00C04F79EFBC}") = "DiffingApi.Tests", "..\DiffingApi.Tests\DiffingApi.Tests.csproj", "{6B2E6C96-9179-4C79-844D-727EF1675A07}"
EndProject
Global
	GlobalSection(SolutionConfigurationPlatforms) = preSolution
		Debug|Any CPU = Debug|Any CPU
		Release|Any CPU = Release|Any CPU
	EndGlobalSection
	GlobalSection(ProjectConfigurationPlatforms) = postSolution
		{A3CB3A8B-449E-4C52-B49C-C97480C77BC0}.Debug|Any CPU.ActiveCfg = Debug|Any CPU
		{A3CB3A8B-449E-4C52-B49C-C97480C77BC0}.Debug|Any CPU.Build.0 = Debug|Any CPU
		{A3CB3A8B-449E-4C52-B49C-C97480C77BC0}.Release|Any CPU.ActiveCfg = Release|Any CPU
		{A3CB3A8B-449E-4C52-B49C-C97480C77BC0}.Release|Any CPU.Build.0 = Release|Any CPU
		{6B2E6C96-9179-4C79-844D-727EF1675A07}.Debug|Any CPU.ActiveCfg = Debug|Any CPU
		{6B2E6C96-9179-4C79-844D-727EF1675A07}.Debug|Any CPU.Build.0 = Debug|Any CPU
		{6B2E6C96-9179-4C79-844D-727EF1675A07}.Release|Any CPU.ActiveCfg = Release|Any CPU
		{6B2E6C96-9179-4C79-844D-727EF1675A07}.Release|Any CPU.Build.0 = Release|Any CPU
	EndGlobalSection
	GlobalSection(SolutionProperties) = preSolution
		HideSolutionNode = FALSE
	EndGlobalSection
	GlobalSection(ExtensibilityGlobals) = postSolution
		SolutionGuid = {B5CF91F8-C593-45FD-BA8D-F2DFCD369AF8}
	EndGlobalSection
EndGlobal
